hash: 1c4dda1392009e8f306bc6db680aae8a8ec52272de9e92792725cf4b0494c956
updated: 2018-03-22T00:54:19.610991714+09:00
imports:
- name: github.com/apex/gateway
  version: 94cc84b10787c61dbfbe8dd549cbc5c5dc685d1f
- name: github.com/aws/aws-lambda-go
  version: fafa7e49388b8991caf99308e80655ba91816b72
  subpackages:
  - events
  - lambda
  - lambda/messages
  - lambdacontext
- name: github.com/pkg/errors
  version: 248dadf4e9068a0b3e79f02ed0a610d935de5302
- name: gopkg.in/go-playground/webhooks.v3
  version: f2acbcde401467ded7701fbbf7eabd7a0bb6702d
  subpackages:
  - github
testImports: []
