hash: 15a9a83cc728b90f03ec2b3a0ba3398437c52cf42218150cb79bbc493e43f230
updated: 2018-03-18T18:04:38.167803825+09:00
imports:
- name: github.com/aws/aws-lambda-go
  version: fafa7e49388b8991caf99308e80655ba91816b72
  subpackages:
  - events
  - lambda
  - lambda/messages
  - lambdacontext
testImports: []
